Microsoft Visual Studio Solution File, Format Version 12.00
# Visual Studio Version 17
VisualStudioVersion = 17.5.2.0
MinimumVisualStudioVersion = 10.0.40219.1
Project("{FAE04EC0-301F-11D3-BF4B-00C04F79EFBC}") = "BarbeariaLucasAaguiar", "BarbeariaLucasAaguiar.csproj", "{B086F883-9238-E04C-0CEB-99B52866222F}"
EndProject
Global
	GlobalSection(SolutionConfigurationPlatforms) = preSolution
		Debug|Any CPU = Debug|Any CPU
		Release|Any CPU = Release|Any CPU
	EndGlobalSection
	GlobalSection(ProjectConfigurationPlatforms) = postSolution
		{B086F883-9238-E04C-0CEB-99B52866222F}.Debug|Any CPU.ActiveCfg = Debug|Any CPU
		{B086F883-9238-E04C-0CEB-99B52866222F}.Debug|Any CPU.Build.0 = Debug|Any CPU
		{B086F883-9238-E04C-0CEB-99B52866222F}.Release|Any CPU.ActiveCfg = Release|Any CPU
		{B086F883-9238-E04C-0CEB-99B52866222F}.Release|Any CPU.Build.0 = Release|Any CPU
	EndGlobalSection
	GlobalSection(SolutionProperties) = preSolution
		HideSolutionNode = FALSE
	EndGlobalSection
	GlobalSection(ExtensibilityGlobals) = postSolution
		SolutionGuid = {BAFA88A8-D2A5-4B11-817D-10FC8BA62721}
	EndGlobalSection
EndGlobal
