
Microsoft Visual Studio Solution File, Format Version 12.00
# Visual Studio Version 17
VisualStudioVersion = 17.14.36301.6
MinimumVisualStudioVersion = 10.0.40219.1
Project("{FAE04EC0-301F-11D3-BF4B-00C04F79EFBC}") = "BarbeariaLucasAaguiar", "BarbeariaLucasAaguiar\BarbeariaLucasAaguiar.csproj", "{2A3AEFD4-48AE-474F-8367-66138145B264}"
EndProject
Global
	GlobalSection(SolutionConfigurationPlatforms) = preSolution
		Debug|Any CPU = Debug|Any CPU
		Release|Any CPU = Release|Any CPU
	EndGlobalSection
	GlobalSection(ProjectConfigurationPlatforms) = postSolution
		{2A3AEFD4-48AE-474F-8367-66138145B264}.Debug|Any CPU.ActiveCfg = Debug|Any CPU
		{2A3AEFD4-48AE-474F-8367-66138145B264}.Debug|Any CPU.Build.0 = Debug|Any CPU
		{2A3AEFD4-48AE-474F-8367-66138145B264}.Release|Any CPU.ActiveCfg = Release|Any CPU
		{2A3AEFD4-48AE-474F-8367-66138145B264}.Release|Any CPU.Build.0 = Release|Any CPU
	EndGlobalSection
	GlobalSection(SolutionProperties) = preSolution
		HideSolutionNode = FALSE
	EndGlobalSection
	GlobalSection(ExtensibilityGlobals) = postSolution
		SolutionGuid = {1DB1A1A2-C0D7-45E5-A9AE-C53184809A58}
	EndGlobalSection
EndGlobal
